PODS:
  - cocos2d (2.1):
    - cocos2d/CocosDenshion
  - cocos2d/CocosDenshion (2.1)
  - OCMock (2.2.1)

DEPENDENCIES:
  - cocos2d (~> 2.1)
  - OCMock (~> 2.2.1)

SPEC CHECKSUMS:
  cocos2d: 173f234c5236b90c674d087cb7b2a7babf243b13
  OCMock: 80e4cfbc71a0e1bd28caf10a9fda27da7c4c8402

COCOAPODS: 0.26.2
