<?xml version="1.0" encoding="UTF-8"?>
<!DOCTYPE plist PUBLIC "-//Apple//DTD PLIST 1.0//EN" "http://www.apple.com/DTDs/PropertyList-1.0.dtd">
<plist version="1.0">
<dict>
	<key>archiveVersion</key>
	<string>1</string>
	<key>classes</key>
	<dict/>
	<key>objectVersion</key>
	<string>46</string>
	<key>objects</key>
	<dict>
		<key>096B39401813A68500C12CEB</key>
		<dict>
			<key>containerPortal</key>
			<string>09F531191813959800CC9665</string>
			<key>isa</key>
			<string>PBXContainerItemProxy</string>
			<key>proxyType</key>
			<string>1</string>
			<key>remoteGlobalIDString</key>
			<string>09F531201813959800CC9665</string>
			<key>remoteInfo</key>
			<string>killbills</string>
		</dict>
		<key>096B39411813A68500C12CEB</key>
		<dict>
			<key>isa</key>
			<string>PBXTargetDependency</string>
			<key>target</key>
			<string>09F531201813959800CC9665</string>
			<key>targetProxy</key>
			<string>096B39401813A68500C12CEB</string>
		</dict>
		<key>096B39421813A71D00C12CEB</key>
		<dict>
			<key>fileRef</key>
			<string>09A90A4618139DE100CE346C</string>
			<key>isa</key>
			<string>PBXBuildFile</string>
		</dict>
		<key>097F353F1813B27D00EBEBD0</key>
		<dict>
			<key>fileEncoding</key>
			<string>4</string>
			<key>isa</key>
			<string>PBXFileReference</string>
			<key>lastKnownFileType</key>
			<string>sourcecode.c.h</string>
			<key>path</key>
			<string>KBGameObject.h</string>
			<key>sourceTree</key>
			<string>&lt;group&gt;</string>
		</dict>
		<key>097F35401813BC9200EBEBD0</key>
		<dict>
			<key>children</key>
			<array>
				<string>09D43A7618143B790042CD21</string>
				<string>09D43A7718143B790042CD21</string>
				<string>097F35501813D0CE00EBEBD0</string>
				<string>097F35511813D0CE00EBEBD0</string>
				<string>09A90A4518139DE100CE346C</string>
				<string>09A90A4618139DE100CE346C</string>
				<string>097F353F1813B27D00EBEBD0</string>
			</array>
			<key>isa</key>
			<string>PBXGroup</string>
			<key>name</key>
			<string>Game</string>
			<key>sourceTree</key>
			<string>&lt;group&gt;</string>
		</dict>
		<key>097F35481813CB0300EBEBD0</key>
		<dict>
			<key>fileEncoding</key>
			<string>4</string>
			<key>isa</key>
			<string>PBXFileReference</string>
			<key>lastKnownFileType</key>
			<string>sourcecode.c.objc</string>
			<key>path</key>
			<string>KBLinearMovementTest.m</string>
			<key>sourceTree</key>
			<string>&lt;group&gt;</string>
		</dict>
		<key>097F35491813CB0300EBEBD0</key>
		<dict>
			<key>fileRef</key>
			<string>097F35481813CB0300EBEBD0</string>
			<key>isa</key>
			<string>PBXBuildFile</string>
		</dict>
		<key>097F35501813D0CE00EBEBD0</key>
		<dict>
			<key>fileEncoding</key>
			<string>4</string>
			<key>isa</key>
			<string>PBXFileReference</string>
			<key>lastKnownFileType</key>
			<string>sourcecode.c.h</string>
			<key>path</key>
			<string>KBGameMovement.h</string>
			<key>sourceTree</key>
			<string>&lt;group&gt;</string>
		</dict>
		<key>097F35511813D0CE00EBEBD0</key>
		<dict>
			<key>fileEncoding</key>
			<string>4</string>
			<key>isa</key>
			<string>PBXFileReference</string>
			<key>lastKnownFileType</key>
			<string>sourcecode.c.objc</string>
			<key>path</key>
			<string>KBGameMovement.m</string>
			<key>sourceTree</key>
			<string>&lt;group&gt;</string>
		</dict>
		<key>097F35521813D0CE00EBEBD0</key>
		<dict>
			<key>fileRef</key>
			<string>097F35511813D0CE00EBEBD0</string>
			<key>isa</key>
			<string>PBXBuildFile</string>
		</dict>
		<key>097F35531813D0CE00EBEBD0</key>
		<dict>
			<key>fileRef</key>
			<string>097F35511813D0CE00EBEBD0</string>
			<key>isa</key>
			<string>PBXBuildFile</string>
		</dict>
		<key>09A90A0D1813978E00CE346C</key>
		<dict>
			<key>fileEncoding</key>
			<string>4</string>
			<key>isa</key>
			<string>PBXFileReference</string>
			<key>lastKnownFileType</key>
			<string>sourcecode.c.h</string>
			<key>path</key>
			<string>HelloWorldLayer.h</string>
			<key>sourceTree</key>
			<string>&lt;group&gt;</string>
		</dict>
		<key>09A90A0E1813978E00CE346C</key>
		<dict>
			<key>fileEncoding</key>
			<string>4</string>
			<key>isa</key>
			<string>PBXFileReference</string>
			<key>lastKnownFileType</key>
			<string>sourcecode.c.objc</string>
			<key>path</key>
			<string>HelloWorldLayer.m</string>
			<key>sourceTree</key>
			<string>&lt;group&gt;</string>
		</dict>
		<key>09A90A0F1813978E00CE346C</key>
		<dict>
			<key>fileEncoding</key>
			<string>4</string>
			<key>isa</key>
			<string>PBXFileReference</string>
			<key>lastKnownFileType</key>
			<string>sourcecode.c.h</string>
			<key>path</key>
			<string>IntroLayer.h</string>
			<key>sourceTree</key>
			<string>&lt;group&gt;</string>
		</dict>
		<key>09A90A101813978E00CE346C</key>
		<dict>
			<key>fileEncoding</key>
			<string>4</string>
			<key>isa</key>
			<string>PBXFileReference</string>
			<key>lastKnownFileType</key>
			<string>sourcecode.c.objc</string>
			<key>path</key>
			<string>IntroLayer.m</string>
			<key>sourceTree</key>
			<string>&lt;group&gt;</string>
		</dict>
		<key>09A90A111813978E00CE346C</key>
		<dict>
			<key>fileRef</key>
			<string>09A90A0E1813978E00CE346C</string>
			<key>isa</key>
			<string>PBXBuildFile</string>
		</dict>
		<key>09A90A121813978E00CE346C</key>
		<dict>
			<key>fileRef</key>
			<string>09A90A101813978E00CE346C</string>
			<key>isa</key>
			<string>PBXBuildFile</string>
		</dict>
		<key>09A90A2118139A2200CE346C</key>
		<dict>
			<key>isa</key>
			<string>PBXFileReference</string>
			<key>lastKnownFileType</key>
			<string>image.png</string>
			<key>path</key>
			<string>monster-hd.png</string>
			<key>sourceTree</key>
			<string>&lt;group&gt;</string>
		</dict>
		<key>09A90A2218139A2200CE346C</key>
		<dict>
			<key>isa</key>
			<string>PBXFileReference</string>
			<key>lastKnownFileType</key>
			<string>image.png</string>
			<key>path</key>
			<string>monster.png</string>
			<key>sourceTree</key>
			<string>&lt;group&gt;</string>
		</dict>
		<key>09A90A2318139A2200CE346C</key>
		<dict>
			<key>isa</key>
			<string>PBXFileReference</string>
			<key>lastKnownFileType</key>
			<string>image.png</string>
			<key>path</key>
			<string>player-hd.png</string>
			<key>sourceTree</key>
			<string>&lt;group&gt;</string>
		</dict>
		<key>09A90A2418139A2200CE346C</key>
		<dict>
			<key>isa</key>
			<string>PBXFileReference</string>
			<key>lastKnownFileType</key>
			<string>image.png</string>
			<key>path</key>
			<string>player.png</string>
			<key>sourceTree</key>
			<string>&lt;group&gt;</string>
		</dict>
		<key>09A90A2518139A2200CE346C</key>
		<dict>
			<key>isa</key>
			<string>PBXFileReference</string>
			<key>lastKnownFileType</key>
			<string>image.png</string>
			<key>path</key>
			<string>projectile-hd.png</string>
			<key>sourceTree</key>
			<string>&lt;group&gt;</string>
		</dict>
		<key>09A90A2618139A2200CE346C</key>
		<dict>
			<key>isa</key>
			<string>PBXFileReference</string>
			<key>lastKnownFileType</key>
			<string>image.png</string>
			<key>path</key>
			<string>projectile.png</string>
			<key>sourceTree</key>
			<string>&lt;group&gt;</string>
		</dict>
		<key>09A90A2718139A2200CE346C</key>
		<dict>
			<key>fileRef</key>
			<string>09A90A2118139A2200CE346C</string>
			<key>isa</key>
			<string>PBXBuildFile</string>
		</dict>
		<key>09A90A2818139A2200CE346C</key>
		<dict>
			<key>fileRef</key>
			<string>09A90A2218139A2200CE346C</string>
			<key>isa</key>
			<string>PBXBuildFile</string>
		</dict>
		<key>09A90A2918139A2200CE346C</key>
		<dict>
			<key>fileRef</key>
			<string>09A90A2318139A2200CE346C</string>
			<key>isa</key>
			<string>PBXBuildFile</string>
		</dict>
		<key>09A90A2A18139A2200CE346C</key>
		<dict>
			<key>fileRef</key>
			<string>09A90A2418139A2200CE346C</string>
			<key>isa</key>
			<string>PBXBuildFile</string>
		</dict>
		<key>09A90A2B18139A2200CE346C</key>
		<dict>
			<key>fileRef</key>
			<string>09A90A2518139A2200CE346C</string>
			<key>isa</key>
			<string>PBXBuildFile</string>
		</dict>
		<key>09A90A2C18139A2200CE346C</key>
		<dict>
			<key>fileRef</key>
			<string>09A90A2618139A2200CE346C</string>
			<key>isa</key>
			<string>PBXBuildFile</string>
		</dict>
		<key>09A90A2D18139A2B00CE346C</key>
		<dict>
			<key>children</key>
			<array>
				<string>09A90A2118139A2200CE346C</string>
				<string>09A90A2218139A2200CE346C</string>
				<string>09A90A2318139A2200CE346C</string>
				<string>09A90A2418139A2200CE346C</string>
				<string>09A90A2518139A2200CE346C</string>
				<string>09A90A2618139A2200CE346C</string>
				<string>09A90A2E18139A3800CE346C</string>
				<string>09A90A2F18139A3800CE346C</string>
				<string>09A90A3018139A3800CE346C</string>
				<string>09A90A3118139A3800CE346C</string>
				<string>09A90A3218139A3800CE346C</string>
				<string>09A90A3318139A3800CE346C</string>
				<string>09A90A3418139A3800CE346C</string>
				<string>09A90A3518139A3800CE346C</string>
				<string>09A90A3618139A3800CE346C</string>
				<string>09A90A3718139A3800CE346C</string>
			</array>
			<key>isa</key>
			<string>PBXGroup</string>
			<key>name</key>
			<string>Resources</string>
			<key>sourceTree</key>
			<string>&lt;group&gt;</string>
		</dict>
		<key>09A90A2E18139A3800CE346C</key>
		<dict>
			<key>isa</key>
			<string>PBXFileReference</string>
			<key>lastKnownFileType</key>
			<string>image.png</string>
			<key>name</key>
			<string>Default-568h@2x.png</string>
			<key>path</key>
			<string>Resources/Default-568h@2x.png</string>
			<key>sourceTree</key>
			<string>&lt;group&gt;</string>
		</dict>
		<key>09A90A2F18139A3800CE346C</key>
		<dict>
			<key>isa</key>
			<string>PBXFileReference</string>
			<key>lastKnownFileType</key>
			<string>image.png</string>
			<key>name</key>
			<string>Default-Landscape~ipad.png</string>
			<key>path</key>
			<string>Resources/Default-Landscape~ipad.png</string>
			<key>sourceTree</key>
			<string>&lt;group&gt;</string>
		</dict>
		<key>09A90A3018139A3800CE346C</key>
		<dict>
			<key>isa</key>
			<string>PBXFileReference</string>
			<key>lastKnownFileType</key>
			<string>image.png</string>
			<key>name</key>
			<string>Default.png</string>
			<key>path</key>
			<string>Resources/Default.png</string>
			<key>sourceTree</key>
			<string>&lt;group&gt;</string>
		</dict>
		<key>09A90A3118139A3800CE346C</key>
		<dict>
			<key>isa</key>
			<string>PBXFileReference</string>
			<key>lastKnownFileType</key>
			<string>image.png</string>
			<key>name</key>
			<string>Default@2x.png</string>
			<key>path</key>
			<string>Resources/Default@2x.png</string>
			<key>sourceTree</key>
			<string>&lt;group&gt;</string>
		</dict>
		<key>09A90A3218139A3800CE346C</key>
		<dict>
			<key>isa</key>
			<string>PBXFileReference</string>
			<key>lastKnownFileType</key>
			<string>image.png</string>
			<key>name</key>
			<string>Icon-72.png</string>
			<key>path</key>
			<string>Resources/Icon-72.png</string>
			<key>sourceTree</key>
			<string>&lt;group&gt;</string>
		</dict>
		<key>09A90A3318139A3800CE346C</key>
		<dict>
			<key>isa</key>
			<string>PBXFileReference</string>
			<key>lastKnownFileType</key>
			<string>image.png</string>
			<key>name</key>
			<string>Icon-Small-50.png</string>
			<key>path</key>
			<string>Resources/Icon-Small-50.png</string>
			<key>sourceTree</key>
			<string>&lt;group&gt;</string>
		</dict>
		<key>09A90A3418139A3800CE346C</key>
		<dict>
			<key>isa</key>
			<string>PBXFileReference</string>
			<key>lastKnownFileType</key>
			<string>image.png</string>
			<key>name</key>
			<string>Icon-Small.png</string>
			<key>path</key>
			<string>Resources/Icon-Small.png</string>
			<key>sourceTree</key>
			<string>&lt;group&gt;</string>
		</dict>
		<key>09A90A3518139A3800CE346C</key>
		<dict>
			<key>isa</key>
			<string>PBXFileReference</string>
			<key>lastKnownFileType</key>
			<string>image.png</string>
			<key>name</key>
			<string>Icon-Small@2x.png</string>
			<key>path</key>
			<string>Resources/Icon-Small@2x.png</string>
			<key>sourceTree</key>
			<string>&lt;group&gt;</string>
		</dict>
		<key>09A90A3618139A3800CE346C</key>
		<dict>
			<key>isa</key>
			<string>PBXFileReference</string>
			<key>lastKnownFileType</key>
			<string>image.png</string>
			<key>name</key>
			<string>Icon.png</string>
			<key>path</key>
			<string>Resources/Icon.png</string>
			<key>sourceTree</key>
			<string>&lt;group&gt;</string>
		</dict>
		<key>09A90A3718139A3800CE346C</key>
		<dict>
			<key>isa</key>
			<string>PBXFileReference</string>
			<key>lastKnownFileType</key>
			<string>image.png</string>
			<key>name</key>
			<string>Icon@2x.png</string>
			<key>path</key>
			<string>Resources/Icon@2x.png</string>
			<key>sourceTree</key>
			<string>&lt;group&gt;</string>
		</dict>
		<key>09A90A3818139A3800CE346C</key>
		<dict>
			<key>fileRef</key>
			<string>09A90A2E18139A3800CE346C</string>
			<key>isa</key>
			<string>PBXBuildFile</string>
		</dict>
		<key>09A90A3918139A3800CE346C</key>
		<dict>
			<key>fileRef</key>
			<string>09A90A2F18139A3800CE346C</string>
			<key>isa</key>
			<string>PBXBuildFile</string>
		</dict>
		<key>09A90A3A18139A3800CE346C</key>
		<dict>
			<key>fileRef</key>
			<string>09A90A3018139A3800CE346C</string>
			<key>isa</key>
			<string>PBXBuildFile</string>
		</dict>
		<key>09A90A3B18139A3800CE346C</key>
		<dict>
			<key>fileRef</key>
			<string>09A90A3118139A3800CE346C</string>
			<key>isa</key>
			<string>PBXBuildFile</string>
		</dict>
		<key>09A90A3C18139A3800CE346C</key>
		<dict>
			<key>fileRef</key>
			<string>09A90A3218139A3800CE346C</string>
			<key>isa</key>
			<string>PBXBuildFile</string>
		</dict>
		<key>09A90A3D18139A3800CE346C</key>
		<dict>
			<key>fileRef</key>
			<string>09A90A3318139A3800CE346C</string>
			<key>isa</key>
			<string>PBXBuildFile</string>
		</dict>
		<key>09A90A3E18139A3800CE346C</key>
		<dict>
			<key>fileRef</key>
			<string>09A90A3418139A3800CE346C</string>
			<key>isa</key>
			<string>PBXBuildFile</string>
		</dict>
		<key>09A90A3F18139A3800CE346C</key>
		<dict>
			<key>fileRef</key>
			<string>09A90A3518139A3800CE346C</string>
			<key>isa</key>
			<string>PBXBuildFile</string>
		</dict>
		<key>09A90A4018139A3800CE346C</key>
		<dict>
			<key>fileRef</key>
			<string>09A90A3618139A3800CE346C</string>
			<key>isa</key>
			<string>PBXBuildFile</string>
		</dict>
		<key>09A90A4118139A3800CE346C</key>
		<dict>
			<key>fileRef</key>
			<string>09A90A3718139A3800CE346C</string>
			<key>isa</key>
			<string>PBXBuildFile</string>
		</dict>
		<key>09A90A4518139DE100CE346C</key>
		<dict>
			<key>fileEncoding</key>
			<string>4</string>
			<key>isa</key>
			<string>PBXFileReference</string>
			<key>lastKnownFileType</key>
			<string>sourcecode.c.h</string>
			<key>path</key>
			<string>KBMonster.h</string>
			<key>sourceTree</key>
			<string>&lt;group&gt;</string>
		</dict>
		<key>09A90A4618139DE100CE346C</key>
		<dict>
			<key>fileEncoding</key>
			<string>4</string>
			<key>isa</key>
			<string>PBXFileReference</string>
			<key>lastKnownFileType</key>
			<string>sourcecode.c.objc</string>
			<key>path</key>
			<string>KBMonster.m</string>
			<key>sourceTree</key>
			<string>&lt;group&gt;</string>
		</dict>
		<key>09A90A4718139DE100CE346C</key>
		<dict>
			<key>fileRef</key>
			<string>09A90A4618139DE100CE346C</string>
			<key>isa</key>
			<string>PBXBuildFile</string>
		</dict>
		<key>09B0EDC81813A2C10053357A</key>
		<dict>
			<key>fileEncoding</key>
			<string>4</string>
			<key>isa</key>
			<string>PBXFileReference</string>
			<key>lastKnownFileType</key>
			<string>sourcecode.c.objc</string>
			<key>path</key>
			<string>KBMovingObjectTest.m</string>
			<key>sourceTree</key>
			<string>&lt;group&gt;</string>
		</dict>
		<key>09B0EDC91813A2C10053357A</key>
		<dict>
			<key>fileRef</key>
			<string>09B0EDC81813A2C10053357A</string>
			<key>isa</key>
			<string>PBXBuildFile</string>
		</dict>
		<key>09B0EDCA1813A4700053357A</key>
		<dict>
			<key>isa</key>
			<string>PBXFileReference</string>
			<key>lastKnownFileType</key>
			<string>wrapper.framework</string>
			<key>name</key>
			<string>XCTest.framework</string>
			<key>path</key>
			<string>Library/Frameworks/XCTest.framework</string>
			<key>sourceTree</key>
			<string>DEVELOPER_DIR</string>
		</dict>
		<key>09B0EDCB1813A4700053357A</key>
		<dict>
			<key>fileRef</key>
			<string>09B0EDCA1813A4700053357A</string>
			<key>isa</key>
			<string>PBXBuildFile</string>
		</dict>
		<key>09D43A7618143B790042CD21</key>
		<dict>
			<key>fileEncoding</key>
			<string>4</string>
			<key>isa</key>
			<string>PBXFileReference</string>
			<key>lastKnownFileType</key>
			<string>sourcecode.c.h</string>
			<key>name</key>
			<string>KBProjectile.h</string>
			<key>path</key>
			<string>../KBProjectile.h</string>
			<key>sourceTree</key>
			<string>&lt;group&gt;</string>
		</dict>
		<key>09D43A7718143B790042CD21</key>
		<dict>
			<key>fileEncoding</key>
			<string>4</string>
			<key>isa</key>
			<string>PBXFileReference</string>
			<key>lastKnownFileType</key>
			<string>sourcecode.c.objc</string>
			<key>name</key>
			<string>KBProjectile.m</string>
			<key>path</key>
			<string>../KBProjectile.m</string>
			<key>sourceTree</key>
			<string>&lt;group&gt;</string>
		</dict>
		<key>09D43A7818143B790042CD21</key>
		<dict>
			<key>fileRef</key>
			<string>09D43A7718143B790042CD21</string>
			<key>isa</key>
			<string>PBXBuildFile</string>
		</dict>
		<key>09D43A7918143B790042CD21</key>
		<dict>
			<key>fileRef</key>
			<string>09D43A7718143B790042CD21</string>
			<key>isa</key>
			<string>PBXBuildFile</string>
		</dict>
		<key>09DC53D4181449C500C20FDF</key>
		<dict>
			<key>fileEncoding</key>
			<string>4</string>
			<key>isa</key>
			<string>PBXFileReference</string>
			<key>lastKnownFileType</key>
			<string>sourcecode.c.objc</string>
			<key>path</key>
			<string>KBSharedSpecs.m</string>
			<key>sourceTree</key>
			<string>&lt;group&gt;</string>
		</dict>
		<key>09DC53D5181449C500C20FDF</key>
		<dict>
			<key>fileRef</key>
			<string>09DC53D4181449C500C20FDF</string>
			<key>isa</key>
			<string>PBXBuildFile</string>
		</dict>
		<key>09DC53D618144A2A00C20FDF</key>
		<dict>
			<key>fileEncoding</key>
			<string>4</string>
			<key>isa</key>
			<string>PBXFileReference</string>
			<key>lastKnownFileType</key>
			<string>sourcecode.c.objc</string>
			<key>path</key>
			<string>SpecHelper.m</string>
			<key>sourceTree</key>
			<string>&lt;group&gt;</string>
		</dict>
		<key>09DC53D718144A2A00C20FDF</key>
		<dict>
			<key>fileRef</key>
			<string>09DC53D618144A2A00C20FDF</string>
			<key>isa</key>
			<string>PBXBuildFile</string>
		</dict>
		<key>09F531181813959800CC9665</key>
		<dict>
			<key>children</key>
			<array>
				<string>09F5312A1813959800CC9665</string>
				<string>09F531431813959800CC9665</string>
				<string>09F531231813959800CC9665</string>
				<string>09F531221813959800CC9665</string>
				<string>1CA6098CE0A545CA961E96A0</string>
				<string>B5F856FA1D6D43E5B3DA318C</string>
				<string>17313B6DBA5E4C28A7C61F69</string>
			</array>
			<key>isa</key>
			<string>PBXGroup</string>
			<key>sourceTree</key>
			<string>&lt;group&gt;</string>
		</dict>
		<key>09F531191813959800CC9665</key>
		<dict>
			<key>attributes</key>
			<dict>
				<key>CLASSPREFIX</key>
				<string>KB</string>
				<key>LastUpgradeCheck</key>
				<string>0500</string>
				<key>ORGANIZATIONNAME</key>
				<string>Cristian Pereyra</string>
				<key>TargetAttributes</key>
				<dict>
					<key>09F5313B1813959800CC9665</key>
					<dict>
						<key>TestTargetID</key>
						<string>09F531201813959800CC9665</string>
					</dict>
				</dict>
			</dict>
			<key>buildConfigurationList</key>
			<string>09F5311C1813959800CC9665</string>
			<key>compatibilityVersion</key>
			<string>Xcode 3.2</string>
			<key>developmentRegion</key>
			<string>English</string>
			<key>hasScannedForEncodings</key>
			<string>0</string>
			<key>isa</key>
			<string>PBXProject</string>
			<key>knownRegions</key>
			<array>
				<string>en</string>
			</array>
			<key>mainGroup</key>
			<string>09F531181813959800CC9665</string>
			<key>productRefGroup</key>
			<string>09F531221813959800CC9665</string>
			<key>projectDirPath</key>
			<string></string>
			<key>projectReferences</key>
			<array/>
			<key>projectRoot</key>
			<string></string>
			<key>targets</key>
			<array>
				<string>09F531201813959800CC9665</string>
				<string>09F5313B1813959800CC9665</string>
			</array>
		</dict>
		<key>09F5311C1813959800CC9665</key>
		<dict>
			<key>buildConfigurations</key>
			<array>
				<string>09F5314B1813959800CC9665</string>
				<string>09F5314C1813959800CC9665</string>
			</array>
			<key>defaultConfigurationIsVisible</key>
			<string>0</string>
			<key>defaultConfigurationName</key>
			<string>Release</string>
			<key>isa</key>
			<string>XCConfigurationList</string>
		</dict>
		<key>09F5311D1813959800CC9665</key>
		<dict>
			<key>buildActionMask</key>
			<string>2147483647</string>
			<key>files</key>
			<array>
				<string>09A90A121813978E00CE346C</string>
				<string>09A90A4718139DE100CE346C</string>
				<string>09F531311813959800CC9665</string>
				<string>097F35521813D0CE00EBEBD0</string>
				<string>09F531351813959800CC9665</string>
				<string>09A90A111813978E00CE346C</string>
				<string>09D43A7818143B790042CD21</string>
			</array>
			<key>isa</key>
			<string>PBXSourcesBuildPhase</string>
			<key>runOnlyForDeploymentPostprocessing</key>
			<string>0</string>
		</dict>
		<key>09F5311E1813959800CC9665</key>
		<dict>
			<key>buildActionMask</key>
			<string>2147483647</string>
			<key>files</key>
			<array>
				<string>09F531271813959800CC9665</string>
				<string>09F531291813959800CC9665</string>
				<string>09F531251813959800CC9665</string>
				<string>D9E2D6E6F1A247B9ABFE9D5C</string>
			</array>
			<key>isa</key>
			<string>PBXFrameworksBuildPhase</string>
			<key>runOnlyForDeploymentPostprocessing</key>
			<string>0</string>
		</dict>
		<key>09F5311F1813959800CC9665</key>
		<dict>
			<key>buildActionMask</key>
			<string>2147483647</string>
			<key>files</key>
			<array>
				<string>09A90A4018139A3800CE346C</string>
				<string>09A90A4118139A3800CE346C</string>
				<string>09A90A3B18139A3800CE346C</string>
				<string>09A90A3D18139A3800CE346C</string>
				<string>09A90A2718139A2200CE346C</string>
				<string>09F5312F1813959800CC9665</string>
				<string>09A90A3818139A3800CE346C</string>
				<string>09A90A2C18139A2200CE346C</string>
				<string>09A90A3918139A3800CE346C</string>
				<string>09A90A2B18139A2200CE346C</string>
				<string>09A90A3E18139A3800CE346C</string>
				<string>09A90A2A18139A2200CE346C</string>
				<string>09A90A2818139A2200CE346C</string>
				<string>09A90A3C18139A3800CE346C</string>
				<string>09A90A2918139A2200CE346C</string>
				<string>09A90A3F18139A3800CE346C</string>
				<string>09F531371813959800CC9665</string>
				<string>09A90A3A18139A3800CE346C</string>
			</array>
			<key>isa</key>
			<string>PBXResourcesBuildPhase</string>
			<key>runOnlyForDeploymentPostprocessing</key>
			<string>0</string>
		</dict>
		<key>09F531201813959800CC9665</key>
		<dict>
			<key>buildConfigurationList</key>
			<string>09F5314D1813959800CC9665</string>
			<key>buildPhases</key>
			<array>
				<string>6D399728841945D48CC3D062</string>
				<string>09F5311D1813959800CC9665</string>
				<string>09F5311E1813959800CC9665</string>
				<string>09F5311F1813959800CC9665</string>
				<string>4C0D90C066E84FCCA7866FFF</string>
			</array>
			<key>buildRules</key>
			<array/>
			<key>dependencies</key>
			<array/>
			<key>isa</key>
			<string>PBXNativeTarget</string>
			<key>name</key>
			<string>killbills</string>
			<key>productName</key>
			<string>killbills</string>
			<key>productReference</key>
			<string>09F531211813959800CC9665</string>
			<key>productType</key>
			<string>com.apple.product-type.application</string>
		</dict>
		<key>09F531211813959800CC9665</key>
		<dict>
			<key>explicitFileType</key>
			<string>wrapper.application</string>
			<key>includeInIndex</key>
			<string>0</string>
			<key>isa</key>
			<string>PBXFileReference</string>
			<key>path</key>
			<string>killbills.app</string>
			<key>sourceTree</key>
			<string>BUILT_PRODUCTS_DIR</string>
		</dict>
		<key>09F531221813959800CC9665</key>
		<dict>
			<key>children</key>
			<array>
				<string>09F531211813959800CC9665</string>
				<string>09F5313C1813959800CC9665</string>
			</array>
			<key>isa</key>
			<string>PBXGroup</string>
			<key>name</key>
			<string>Products</string>
			<key>sourceTree</key>
			<string>&lt;group&gt;</string>
		</dict>
		<key>09F531231813959800CC9665</key>
		<dict>
			<key>children</key>
			<array>
				<string>09B0EDCA1813A4700053357A</string>
				<string>09F531241813959800CC9665</string>
				<string>09F531261813959800CC9665</string>
				<string>09F531281813959800CC9665</string>
				<string>9BF88DA5D0834F6B9B7DB126</string>
				<string>674DCCCF79634A33BCCA741F</string>
			</array>
			<key>isa</key>
			<string>PBXGroup</string>
			<key>name</key>
			<string>Frameworks</string>
			<key>sourceTree</key>
			<string>&lt;group&gt;</string>
		</dict>
		<key>09F531241813959800CC9665</key>
		<dict>
			<key>isa</key>
			<string>PBXFileReference</string>
			<key>lastKnownFileType</key>
			<string>wrapper.framework</string>
			<key>name</key>
			<string>Foundation.framework</string>
			<key>path</key>
			<string>System/Library/Frameworks/Foundation.framework</string>
			<key>sourceTree</key>
			<string>SDKROOT</string>
		</dict>
		<key>09F531251813959800CC9665</key>
		<dict>
			<key>fileRef</key>
			<string>09F531241813959800CC9665</string>
			<key>isa</key>
			<string>PBXBuildFile</string>
		</dict>
		<key>09F531261813959800CC9665</key>
		<dict>
			<key>isa</key>
			<string>PBXFileReference</string>
			<key>lastKnownFileType</key>
			<string>wrapper.framework</string>
			<key>name</key>
			<string>CoreGraphics.framework</string>
			<key>path</key>
			<string>System/Library/Frameworks/CoreGraphics.framework</string>
			<key>sourceTree</key>
			<string>SDKROOT</string>
		</dict>
		<key>09F531271813959800CC9665</key>
		<dict>
			<key>fileRef</key>
			<string>09F531261813959800CC9665</string>
			<key>isa</key>
			<string>PBXBuildFile</string>
		</dict>
		<key>09F531281813959800CC9665</key>
		<dict>
			<key>isa</key>
			<string>PBXFileReference</string>
			<key>lastKnownFileType</key>
			<string>wrapper.framework</string>
			<key>name</key>
			<string>UIKit.framework</string>
			<key>path</key>
			<string>System/Library/Frameworks/UIKit.framework</string>
			<key>sourceTree</key>
			<string>SDKROOT</string>
		</dict>
		<key>09F531291813959800CC9665</key>
		<dict>
			<key>fileRef</key>
			<string>09F531281813959800CC9665</string>
			<key>isa</key>
			<string>PBXBuildFile</string>
		</dict>
		<key>09F5312A1813959800CC9665</key>
		<dict>
			<key>children</key>
			<array>
				<string>097F35401813BC9200EBEBD0</string>
				<string>09A90A2D18139A2B00CE346C</string>
				<string>09A90A0D1813978E00CE346C</string>
				<string>09A90A0E1813978E00CE346C</string>
				<string>09A90A0F1813978E00CE346C</string>
				<string>09A90A101813978E00CE346C</string>
				<string>09F531331813959800CC9665</string>
				<string>09F531341813959800CC9665</string>
				<string>09F531361813959800CC9665</string>
				<string>09F5312B1813959800CC9665</string>
			</array>
			<key>isa</key>
			<string>PBXGroup</string>
			<key>path</key>
			<string>killbills</string>
			<key>sourceTree</key>
			<string>&lt;group&gt;</string>
		</dict>
		<key>09F5312B1813959800CC9665</key>
		<dict>
			<key>children</key>
			<array>
				<string>09F5312C1813959800CC9665</string>
				<string>09F5312D1813959800CC9665</string>
				<string>09F531301813959800CC9665</string>
				<string>09F531321813959800CC9665</string>
			</array>
			<key>isa</key>
			<string>PBXGroup</string>
			<key>name</key>
			<string>Supporting Files</string>
			<key>sourceTree</key>
			<string>&lt;group&gt;</string>
		</dict>
		<key>09F5312C1813959800CC9665</key>
		<dict>
			<key>isa</key>
			<string>PBXFileReference</string>
			<key>lastKnownFileType</key>
			<string>text.plist.xml</string>
			<key>path</key>
			<string>killbills-Info.plist</string>
			<key>sourceTree</key>
			<string>&lt;group&gt;</string>
		</dict>
		<key>09F5312D1813959800CC9665</key>
		<dict>
			<key>children</key>
			<array>
				<string>09F5312E1813959800CC9665</string>
			</array>
			<key>isa</key>
			<string>PBXVariantGroup</string>
			<key>name</key>
			<string>InfoPlist.strings</string>
			<key>sourceTree</key>
			<string>&lt;group&gt;</string>
		</dict>
		<key>09F5312E1813959800CC9665</key>
		<dict>
			<key>isa</key>
			<string>PBXFileReference</string>
			<key>lastKnownFileType</key>
			<string>text.plist.strings</string>
			<key>name</key>
			<string>en</string>
			<key>path</key>
			<string>en.lproj/InfoPlist.strings</string>
			<key>sourceTree</key>
			<string>&lt;group&gt;</string>
		</dict>
		<key>09F5312F1813959800CC9665</key>
		<dict>
			<key>fileRef</key>
			<string>09F5312D1813959800CC9665</string>
			<key>isa</key>
			<string>PBXBuildFile</string>
		</dict>
		<key>09F531301813959800CC9665</key>
		<dict>
			<key>isa</key>
			<string>PBXFileReference</string>
			<key>lastKnownFileType</key>
			<string>sourcecode.c.objc</string>
			<key>path</key>
			<string>main.m</string>
			<key>sourceTree</key>
			<string>&lt;group&gt;</string>
		</dict>
		<key>09F531311813959800CC9665</key>
		<dict>
			<key>fileRef</key>
			<string>09F531301813959800CC9665</string>
			<key>isa</key>
			<string>PBXBuildFile</string>
		</dict>
		<key>09F531321813959800CC9665</key>
		<dict>
			<key>isa</key>
			<string>PBXFileReference</string>
			<key>lastKnownFileType</key>
			<string>sourcecode.c.h</string>
			<key>path</key>
			<string>killbills-Prefix.pch</string>
			<key>sourceTree</key>
			<string>&lt;group&gt;</string>
		</dict>
		<key>09F531331813959800CC9665</key>
		<dict>
			<key>isa</key>
			<string>PBXFileReference</string>
			<key>lastKnownFileType</key>
			<string>sourcecode.c.h</string>
			<key>path</key>
			<string>KBAppDelegate.h</string>
			<key>sourceTree</key>
			<string>&lt;group&gt;</string>
		</dict>
		<key>09F531341813959800CC9665</key>
		<dict>
			<key>isa</key>
			<string>PBXFileReference</string>
			<key>lastKnownFileType</key>
			<string>sourcecode.c.objc</string>
			<key>path</key>
			<string>KBAppDelegate.m</string>
			<key>sourceTree</key>
			<string>&lt;group&gt;</string>
		</dict>
		<key>09F531351813959800CC9665</key>
		<dict>
			<key>fileRef</key>
			<string>09F531341813959800CC9665</string>
			<key>isa</key>
			<string>PBXBuildFile</string>
		</dict>
		<key>09F531361813959800CC9665</key>
		<dict>
			<key>isa</key>
			<string>PBXFileReference</string>
			<key>lastKnownFileType</key>
			<string>folder.assetcatalog</string>
			<key>path</key>
			<string>Images.xcassets</string>
			<key>sourceTree</key>
			<string>&lt;group&gt;</string>
		</dict>
		<key>09F531371813959800CC9665</key>
		<dict>
			<key>fileRef</key>
			<string>09F531361813959800CC9665</string>
			<key>isa</key>
			<string>PBXBuildFile</string>
		</dict>
		<key>09F531381813959800CC9665</key>
		<dict>
			<key>buildActionMask</key>
			<string>2147483647</string>
			<key>files</key>
			<array>
				<string>097F35491813CB0300EBEBD0</string>
				<string>09DC53D718144A2A00C20FDF</string>
				<string>097F35531813D0CE00EBEBD0</string>
				<string>09DC53D5181449C500C20FDF</string>
				<string>09D43A7918143B790042CD21</string>
				<string>09B0EDC91813A2C10053357A</string>
				<string>096B39421813A71D00C12CEB</string>
			</array>
			<key>isa</key>
			<string>PBXSourcesBuildPhase</string>
			<key>runOnlyForDeploymentPostprocessing</key>
			<string>0</string>
		</dict>
		<key>09F531391813959800CC9665</key>
		<dict>
			<key>buildActionMask</key>
			<string>2147483647</string>
			<key>files</key>
			<array>
				<string>09B0EDCB1813A4700053357A</string>
				<string>09F531401813959800CC9665</string>
				<string>09F5313F1813959800CC9665</string>
				<string>FE322C87D3E9474D92482342</string>
			</array>
			<key>isa</key>
			<string>PBXFrameworksBuildPhase</string>
			<key>runOnlyForDeploymentPostprocessing</key>
			<string>0</string>
		</dict>
		<key>09F5313A1813959800CC9665</key>
		<dict>
			<key>buildActionMask</key>
			<string>2147483647</string>
			<key>files</key>
			<array>
				<string>09F531481813959800CC9665</string>
			</array>
			<key>isa</key>
			<string>PBXResourcesBuildPhase</string>
			<key>runOnlyForDeploymentPostprocessing</key>
			<string>0</string>
		</dict>
		<key>09F5313B1813959800CC9665</key>
		<dict>
			<key>buildConfigurationList</key>
			<string>09F531501813959800CC9665</string>
			<key>buildPhases</key>
			<array>
				<string>C2FEC8C676314B2189B767B2</string>
				<string>09F531381813959800CC9665</string>
				<string>09F531391813959800CC9665</string>
				<string>09F5313A1813959800CC9665</string>
				<string>718D6C8C6133439BB85E42AC</string>
			</array>
			<key>buildRules</key>
			<array/>
			<key>dependencies</key>
			<array>
				<string>096B39411813A68500C12CEB</string>
			</array>
			<key>isa</key>
			<string>PBXNativeTarget</string>
			<key>name</key>
			<string>killbillsTests</string>
			<key>productName</key>
			<string>killbillsTests</string>
			<key>productReference</key>
			<string>09F5313C1813959800CC9665</string>
			<key>productType</key>
			<string>com.apple.product-type.bundle.unit-test</string>
		</dict>
		<key>09F5313C1813959800CC9665</key>
		<dict>
			<key>explicitFileType</key>
			<string>wrapper.cfbundle</string>
			<key>includeInIndex</key>
			<string>0</string>
			<key>isa</key>
			<string>PBXFileReference</string>
			<key>path</key>
			<string>killbillsTests.xctest</string>
			<key>sourceTree</key>
			<string>BUILT_PRODUCTS_DIR</string>
		</dict>
		<key>09F5313F1813959800CC9665</key>
		<dict>
			<key>fileRef</key>
			<string>09F531241813959800CC9665</string>
			<key>isa</key>
			<string>PBXBuildFile</string>
		</dict>
		<key>09F531401813959800CC9665</key>
		<dict>
			<key>fileRef</key>
			<string>09F531281813959800CC9665</string>
			<key>isa</key>
			<string>PBXBuildFile</string>
		</dict>
		<key>09F531431813959800CC9665</key>
		<dict>
			<key>children</key>
			<array>
				<string>09DC53D618144A2A00C20FDF</string>
				<string>09DC53D4181449C500C20FDF</string>
				<string>09B0EDC81813A2C10053357A</string>
				<string>09F531441813959800CC9665</string>
				<string>097F35481813CB0300EBEBD0</string>
			</array>
			<key>isa</key>
			<string>PBXGroup</string>
			<key>path</key>
			<string>killbillsTests</string>
			<key>sourceTree</key>
			<string>&lt;group&gt;</string>
		</dict>
		<key>09F531441813959800CC9665</key>
		<dict>
			<key>children</key>
			<array>
				<string>09F531451813959800CC9665</string>
				<string>09F531461813959800CC9665</string>
			</array>
			<key>isa</key>
			<string>PBXGroup</string>
			<key>name</key>
			<string>Supporting Files</string>
			<key>sourceTree</key>
			<string>&lt;group&gt;</string>
		</dict>
		<key>09F531451813959800CC9665</key>
		<dict>
			<key>isa</key>
			<string>PBXFileReference</string>
			<key>lastKnownFileType</key>
			<string>text.plist.xml</string>
			<key>path</key>
			<string>killbillsTests-Info.plist</string>
			<key>sourceTree</key>
			<string>&lt;group&gt;</string>
		</dict>
		<key>09F531461813959800CC9665</key>
		<dict>
			<key>children</key>
			<array>
				<string>09F531471813959800CC9665</string>
			</array>
			<key>isa</key>
			<string>PBXVariantGroup</string>
			<key>name</key>
			<string>InfoPlist.strings</string>
			<key>sourceTree</key>
			<string>&lt;group&gt;</string>
		</dict>
		<key>09F531471813959800CC9665</key>
		<dict>
			<key>isa</key>
			<string>PBXFileReference</string>
			<key>lastKnownFileType</key>
			<string>text.plist.strings</string>
			<key>name</key>
			<string>en</string>
			<key>path</key>
			<string>en.lproj/InfoPlist.strings</string>
			<key>sourceTree</key>
			<string>&lt;group&gt;</string>
		</dict>
		<key>09F531481813959800CC9665</key>
		<dict>
			<key>fileRef</key>
			<string>09F531461813959800CC9665</string>
			<key>isa</key>
			<string>PBXBuildFile</string>
		</dict>
		<key>09F5314B1813959800CC9665</key>
		<dict>
			<key>buildSettings</key>
			<dict>
				<key>ALWAYS_SEARCH_USER_PATHS</key>
				<string>NO</string>
				<key>ARCHS</key>
				<string>$(ARCHS_STANDARD)</string>
				<key>CLANG_CXX_LANGUAGE_STANDARD</key>
				<string>gnu++0x</string>
				<key>CLANG_CXX_LIBRARY</key>
				<string>libc++</string>
				<key>CLANG_ENABLE_MODULES</key>
				<string>YES</string>
				<key>CLANG_ENABLE_OBJC_ARC</key>
				<string>NO</string>
				<key>CLANG_WARN_BOOL_CONVERSION</key>
				<string>YES</string>
				<key>CLANG_WARN_CONSTANT_CONVERSION</key>
				<string>YES</string>
				<key>CLANG_WARN_DIRECT_OBJC_ISA_USAGE</key>
				<string>YES_ERROR</string>
				<key>CLANG_WARN_EMPTY_BODY</key>
				<string>YES</string>
				<key>CLANG_WARN_ENUM_CONVERSION</key>
				<string>YES</string>
				<key>CLANG_WARN_INT_CONVERSION</key>
				<string>YES</string>
				<key>CLANG_WARN_OBJC_ROOT_CLASS</key>
				<string>YES_ERROR</string>
				<key>CLANG_WARN__DUPLICATE_METHOD_MATCH</key>
				<string>YES</string>
				<key>CODE_SIGN_IDENTITY[sdk=iphoneos*]</key>
				<string>iPhone Developer</string>
				<key>COPY_PHASE_STRIP</key>
				<string>NO</string>
				<key>ENABLE_NS_ASSERTIONS</key>
				<string>YES</string>
				<key>GCC_C_LANGUAGE_STANDARD</key>
				<string>gnu99</string>
				<key>GCC_DYNAMIC_NO_PIC</key>
				<string>NO</string>
				<key>GCC_OPTIMIZATION_LEVEL</key>
				<string>0</string>
				<key>GCC_PREPROCESSOR_DEFINITIONS</key>
				<array>
					<string>DEBUG=1</string>
					<string>$(inherited)</string>
				</array>
				<key>GCC_SYMBOLS_PRIVATE_EXTERN</key>
				<string>NO</string>
				<key>GCC_WARN_64_TO_32_BIT_CONVERSION</key>
				<string>YES</string>
				<key>GCC_WARN_ABOUT_RETURN_TYPE</key>
				<string>YES_ERROR</string>
				<key>GCC_WARN_UNDECLARED_SELECTOR</key>
				<string>YES</string>
				<key>GCC_WARN_UNINITIALIZED_AUTOS</key>
				<string>YES</string>
				<key>GCC_WARN_UNUSED_FUNCTION</key>
				<string>YES</string>
				<key>GCC_WARN_UNUSED_VARIABLE</key>
				<string>YES</string>
				<key>IPHONEOS_DEPLOYMENT_TARGET</key>
				<string>6.0</string>
				<key>ONLY_ACTIVE_ARCH</key>
				<string>NO</string>
				<key>SDKROOT</key>
				<string>iphoneos7.0</string>
				<key>VALID_ARCHS</key>
				<string>armv7 armv7s</string>
			</dict>
			<key>isa</key>
			<string>XCBuildConfiguration</string>
			<key>name</key>
			<string>Debug</string>
		</dict>
		<key>09F5314C1813959800CC9665</key>
		<dict>
			<key>buildSettings</key>
			<dict>
				<key>ALWAYS_SEARCH_USER_PATHS</key>
				<string>NO</string>
				<key>ARCHS</key>
				<string>$(ARCHS_STANDARD)</string>
				<key>CLANG_CXX_LANGUAGE_STANDARD</key>
				<string>gnu++0x</string>
				<key>CLANG_CXX_LIBRARY</key>
				<string>libc++</string>
				<key>CLANG_ENABLE_MODULES</key>
				<string>YES</string>
				<key>CLANG_ENABLE_OBJC_ARC</key>
				<string>NO</string>
				<key>CLANG_WARN_BOOL_CONVERSION</key>
				<string>YES</string>
				<key>CLANG_WARN_CONSTANT_CONVERSION</key>
				<string>YES</string>
				<key>CLANG_WARN_DIRECT_OBJC_ISA_USAGE</key>
				<string>YES_ERROR</string>
				<key>CLANG_WARN_EMPTY_BODY</key>
				<string>YES</string>
				<key>CLANG_WARN_ENUM_CONVERSION</key>
				<string>YES</string>
				<key>CLANG_WARN_INT_CONVERSION</key>
				<string>YES</string>
				<key>CLANG_WARN_OBJC_ROOT_CLASS</key>
				<string>YES_ERROR</string>
				<key>CLANG_WARN__DUPLICATE_METHOD_MATCH</key>
				<string>YES</string>
				<key>CODE_SIGN_IDENTITY[sdk=iphoneos*]</key>
				<string>iPhone Developer</string>
				<key>COPY_PHASE_STRIP</key>
				<string>YES</string>
				<key>ENABLE_NS_ASSERTIONS</key>
				<string>YES</string>
				<key>GCC_C_LANGUAGE_STANDARD</key>
				<string>gnu99</string>
				<key>GCC_WARN_64_TO_32_BIT_CONVERSION</key>
				<string>YES</string>
				<key>GCC_WARN_ABOUT_RETURN_TYPE</key>
				<string>YES_ERROR</string>
				<key>GCC_WARN_UNDECLARED_SELECTOR</key>
				<string>YES</string>
				<key>GCC_WARN_UNINITIALIZED_AUTOS</key>
				<string>YES</string>
				<key>GCC_WARN_UNUSED_FUNCTION</key>
				<string>YES</string>
				<key>GCC_WARN_UNUSED_VARIABLE</key>
				<string>YES</string>
				<key>IPHONEOS_DEPLOYMENT_TARGET</key>
				<string>6.0</string>
				<key>ONLY_ACTIVE_ARCH</key>
				<string>NO</string>
				<key>SDKROOT</key>
				<string>iphoneos7.0</string>
				<key>VALIDATE_PRODUCT</key>
				<string>YES</string>
				<key>VALID_ARCHS</key>
				<string>armv7 armv7s</string>
			</dict>
			<key>isa</key>
			<string>XCBuildConfiguration</string>
			<key>name</key>
			<string>Release</string>
		</dict>
		<key>09F5314D1813959800CC9665</key>
		<dict>
			<key>buildConfigurations</key>
			<array>
				<string>09F5314E1813959800CC9665</string>
				<string>09F5314F1813959800CC9665</string>
			</array>
			<key>defaultConfigurationIsVisible</key>
			<string>0</string>
			<key>defaultConfigurationName</key>
			<string>Release</string>
			<key>isa</key>
			<string>XCConfigurationList</string>
		</dict>
		<key>09F5314E1813959800CC9665</key>
		<dict>
			<key>baseConfigurationReference</key>
			<string>B5F856FA1D6D43E5B3DA318C</string>
			<key>buildSettings</key>
			<dict>
				<key>ASSETCATALOG_COMPILER_APPICON_NAME</key>
				<string>AppIcon</string>
				<key>ASSETCATALOG_COMPILER_LAUNCHIMAGE_NAME</key>
				<string>LaunchImage</string>
				<key>FRAMEWORK_SEARCH_PATHS</key>
				<array>
					<string>$(inherited)</string>
					<string>$(DEVELOPER_FRAMEWORKS_DIR)</string>
				</array>
				<key>GCC_PRECOMPILE_PREFIX_HEADER</key>
				<string>YES</string>
				<key>GCC_PREFIX_HEADER</key>
				<string>killbills/killbills-Prefix.pch</string>
				<key>INFOPLIST_FILE</key>
				<string>killbills/killbills-Info.plist</string>
				<key>PRODUCT_NAME</key>
				<string>$(TARGET_NAME)</string>
				<key>WRAPPER_EXTENSION</key>
				<string>app</string>
			</dict>
			<key>isa</key>
			<string>XCBuildConfiguration</string>
			<key>name</key>
			<string>Debug</string>
		</dict>
		<key>09F5314F1813959800CC9665</key>
		<dict>
			<key>baseConfigurationReference</key>
			<string>B5F856FA1D6D43E5B3DA318C</string>
			<key>buildSettings</key>
			<dict>
				<key>ASSETCATALOG_COMPILER_APPICON_NAME</key>
				<string>AppIcon</string>
				<key>ASSETCATALOG_COMPILER_LAUNCHIMAGE_NAME</key>
				<string>LaunchImage</string>
				<key>FRAMEWORK_SEARCH_PATHS</key>
				<array>
					<string>$(inherited)</string>
					<string>$(DEVELOPER_FRAMEWORKS_DIR)</string>
				</array>
				<key>GCC_PRECOMPILE_PREFIX_HEADER</key>
				<string>YES</string>
				<key>GCC_PREFIX_HEADER</key>
				<string>killbills/killbills-Prefix.pch</string>
				<key>INFOPLIST_FILE</key>
				<string>killbills/killbills-Info.plist</string>
				<key>PRODUCT_NAME</key>
				<string>$(TARGET_NAME)</string>
				<key>WRAPPER_EXTENSION</key>
				<string>app</string>
			</dict>
			<key>isa</key>
			<string>XCBuildConfiguration</string>
			<key>name</key>
			<string>Release</string>
		</dict>
		<key>09F531501813959800CC9665</key>
		<dict>
			<key>buildConfigurations</key>
			<array>
				<string>09F531511813959800CC9665</string>
				<string>09F531521813959800CC9665</string>
			</array>
			<key>defaultConfigurationIsVisible</key>
			<string>0</string>
			<key>defaultConfigurationName</key>
			<string>Release</string>
			<key>isa</key>
			<string>XCConfigurationList</string>
		</dict>
		<key>09F531511813959800CC9665</key>
		<dict>
			<key>baseConfigurationReference</key>
			<string>17313B6DBA5E4C28A7C61F69</string>
			<key>buildSettings</key>
			<dict>
				<key>ARCHS</key>
				<string>$(ARCHS_STANDARD)</string>
				<key>BUNDLE_LOADER</key>
				<string>$(BUILT_PRODUCTS_DIR)/killbills.app/killbills</string>
				<key>FRAMEWORK_SEARCH_PATHS</key>
				<array>
					<string>$(SDKROOT)/Developer/Library/Frameworks</string>
					<string>$(inherited)</string>
					<string>$(DEVELOPER_FRAMEWORKS_DIR)</string>
				</array>
				<key>GCC_PRECOMPILE_PREFIX_HEADER</key>
				<string>YES</string>
				<key>GCC_PREFIX_HEADER</key>
				<string>killbills/killbills-Prefix.pch</string>
				<key>GCC_PREPROCESSOR_DEFINITIONS</key>
				<array>
					<string>DEBUG=1</string>
					<string>$(inherited)</string>
				</array>
				<key>HEADER_SEARCH_PATHS</key>
				<array>
					<string>$(inherited)</string>
					<string>/Applications/Xcode.app/Contents/Developer/Toolchains/XcodeDefault.xctoolchain/usr/include</string>
					<string>${SRCROOT}/Pods/Headers/**</string>
				</array>
				<key>INFOPLIST_FILE</key>
				<string>killbillsTests/killbillsTests-Info.plist</string>
				<key>LIBRARY_SEARCH_PATHS</key>
				<array>
					<string>$(inherited)</string>
					<string>/Users/cris/src/itba/killbills/killbills/Pods/build/Debug-iphoneos</string>
				</array>
				<key>PRODUCT_NAME</key>
				<string>$(TARGET_NAME)</string>
				<key>TEST_HOST</key>
				<string>$(BUNDLE_LOADER)</string>
				<key>WRAPPER_EXTENSION</key>
				<string>xctest</string>
			</dict>
			<key>isa</key>
			<string>XCBuildConfiguration</string>
			<key>name</key>
			<string>Debug</string>
		</dict>
		<key>09F531521813959800CC9665</key>
		<dict>
			<key>baseConfigurationReference</key>
			<string>17313B6DBA5E4C28A7C61F69</string>
			<key>buildSettings</key>
			<dict>
				<key>ARCHS</key>
				<string>$(ARCHS_STANDARD)</string>
				<key>BUNDLE_LOADER</key>
				<string>$(BUILT_PRODUCTS_DIR)/killbills.app/killbills</string>
				<key>FRAMEWORK_SEARCH_PATHS</key>
				<array>
					<string>$(SDKROOT)/Developer/Library/Frameworks</string>
					<string>$(inherited)</string>
					<string>$(DEVELOPER_FRAMEWORKS_DIR)</string>
				</array>
				<key>GCC_PRECOMPILE_PREFIX_HEADER</key>
				<string>YES</string>
				<key>GCC_PREFIX_HEADER</key>
				<string>killbills/killbills-Prefix.pch</string>
				<key>HEADER_SEARCH_PATHS</key>
				<array>
					<string>$(inherited)</string>
					<string>/Applications/Xcode.app/Contents/Developer/Toolchains/XcodeDefault.xctoolchain/usr/include</string>
					<string>${SRCROOT}/Pods/Headers/**</string>
				</array>
				<key>INFOPLIST_FILE</key>
				<string>killbillsTests/killbillsTests-Info.plist</string>
				<key>LIBRARY_SEARCH_PATHS</key>
				<array>
					<string>$(inherited)</string>
					<string>/Users/cris/src/itba/killbills/killbills/Pods/build/Debug-iphoneos</string>
				</array>
				<key>PRODUCT_NAME</key>
				<string>$(TARGET_NAME)</string>
				<key>TEST_HOST</key>
				<string>$(BUNDLE_LOADER)</string>
				<key>WRAPPER_EXTENSION</key>
				<string>xctest</string>
			</dict>
			<key>isa</key>
			<string>XCBuildConfiguration</string>
			<key>name</key>
			<string>Release</string>
		</dict>
		<key>17313B6DBA5E4C28A7C61F69</key>
		<dict>
			<key>includeInIndex</key>
			<string>1</string>
			<key>isa</key>
			<string>PBXFileReference</string>
			<key>lastKnownFileType</key>
			<string>text.xcconfig</string>
			<key>name</key>
			<string>Pods-killbillsTests.xcconfig</string>
			<key>path</key>
			<string>Pods/Pods-killbillsTests.xcconfig</string>
			<key>sourceTree</key>
			<string>&lt;group&gt;</string>
		</dict>
		<key>1CA6098CE0A545CA961E96A0</key>
		<dict>
			<key>includeInIndex</key>
			<string>1</string>
			<key>isa</key>
			<string>PBXFileReference</string>
			<key>lastKnownFileType</key>
			<string>text.xcconfig</string>
			<key>name</key>
			<string>Pods.xcconfig</string>
			<key>path</key>
			<string>Pods/Pods.xcconfig</string>
			<key>sourceTree</key>
			<string>&lt;group&gt;</string>
		</dict>
		<key>4C0D90C066E84FCCA7866FFF</key>
		<dict>
			<key>buildActionMask</key>
			<string>2147483647</string>
			<key>files</key>
			<array/>
			<key>inputPaths</key>
			<array/>
			<key>isa</key>
			<string>PBXShellScriptBuildPhase</string>
			<key>name</key>
			<string>Copy Pods Resources</string>
			<key>outputPaths</key>
			<array/>
			<key>runOnlyForDeploymentPostprocessing</key>
			<string>0</string>
			<key>shellPath</key>
			<string>/bin/sh</string>
			<key>shellScript</key>
			<string>"${SRCROOT}/Pods/Pods-killbills-resources.sh"
</string>
			<key>showEnvVarsInLog</key>
			<string>0</string>
		</dict>
		<key>674DCCCF79634A33BCCA741F</key>
		<dict>
			<key>explicitFileType</key>
			<string>archive.ar</string>
			<key>includeInIndex</key>
			<string>0</string>
			<key>isa</key>
			<string>PBXFileReference</string>
			<key>path</key>
			<string>libPods-killbillsTests.a</string>
			<key>sourceTree</key>
			<string>BUILT_PRODUCTS_DIR</string>
		</dict>
		<key>6D399728841945D48CC3D062</key>
		<dict>
			<key>buildActionMask</key>
			<string>2147483647</string>
			<key>files</key>
			<array/>
			<key>inputPaths</key>
			<array/>
			<key>isa</key>
			<string>PBXShellScriptBuildPhase</string>
			<key>name</key>
			<string>Check Pods Manifest.lock</string>
			<key>outputPaths</key>
			<array/>
			<key>runOnlyForDeploymentPostprocessing</key>
			<string>0</string>
			<key>shellPath</key>
			<string>/bin/sh</string>
			<key>shellScript</key>
			<string>diff "${PODS_ROOT}/../Podfile.lock" "${PODS_ROOT}/Manifest.lock" &gt; /dev/null
if [[ $? != 0 ]] ; then
    cat &lt;&lt; EOM
error: The sandbox is not in sync with the Podfile.lock. Run 'pod install' or update your CocoaPods installation.
EOM
    exit 1
fi
</string>
			<key>showEnvVarsInLog</key>
			<string>0</string>
		</dict>
		<key>718D6C8C6133439BB85E42AC</key>
		<dict>
			<key>buildActionMask</key>
			<string>2147483647</string>
			<key>files</key>
			<array/>
			<key>inputPaths</key>
			<array/>
			<key>isa</key>
			<string>PBXShellScriptBuildPhase</string>
			<key>name</key>
			<string>Copy Pods Resources</string>
			<key>outputPaths</key>
			<array/>
			<key>runOnlyForDeploymentPostprocessing</key>
			<string>0</string>
			<key>shellPath</key>
			<string>/bin/sh</string>
			<key>shellScript</key>
			<string>"${SRCROOT}/Pods/Pods-killbillsTests-resources.sh"
</string>
			<key>showEnvVarsInLog</key>
			<string>0</string>
		</dict>
		<key>9BF88DA5D0834F6B9B7DB126</key>
		<dict>
			<key>explicitFileType</key>
			<string>archive.ar</string>
			<key>includeInIndex</key>
			<string>0</string>
			<key>isa</key>
			<string>PBXFileReference</string>
			<key>path</key>
			<string>libPods-killbills.a</string>
			<key>sourceTree</key>
			<string>BUILT_PRODUCTS_DIR</string>
		</dict>
		<key>B5F856FA1D6D43E5B3DA318C</key>
		<dict>
			<key>includeInIndex</key>
			<string>1</string>
			<key>isa</key>
			<string>PBXFileReference</string>
			<key>lastKnownFileType</key>
			<string>text.xcconfig</string>
			<key>name</key>
			<string>Pods-killbills.xcconfig</string>
			<key>path</key>
			<string>Pods/Pods-killbills.xcconfig</string>
			<key>sourceTree</key>
			<string>&lt;group&gt;</string>
		</dict>
		<key>C2FEC8C676314B2189B767B2</key>
		<dict>
			<key>buildActionMask</key>
			<string>2147483647</string>
			<key>files</key>
			<array/>
			<key>inputPaths</key>
			<array/>
			<key>isa</key>
			<string>PBXShellScriptBuildPhase</string>
			<key>name</key>
			<string>Check Pods Manifest.lock</string>
			<key>outputPaths</key>
			<array/>
			<key>runOnlyForDeploymentPostprocessing</key>
			<string>0</string>
			<key>shellPath</key>
			<string>/bin/sh</string>
			<key>shellScript</key>
			<string>diff "${PODS_ROOT}/../Podfile.lock" "${PODS_ROOT}/Manifest.lock" &gt; /dev/null
if [[ $? != 0 ]] ; then
    cat &lt;&lt; EOM
error: The sandbox is not in sync with the Podfile.lock. Run 'pod install' or update your CocoaPods installation.
EOM
    exit 1
fi
</string>
			<key>showEnvVarsInLog</key>
			<string>0</string>
		</dict>
		<key>D9E2D6E6F1A247B9ABFE9D5C</key>
		<dict>
			<key>fileRef</key>
			<string>9BF88DA5D0834F6B9B7DB126</string>
			<key>isa</key>
			<string>PBXBuildFile</string>
		</dict>
		<key>FE322C87D3E9474D92482342</key>
		<dict>
			<key>fileRef</key>
			<string>674DCCCF79634A33BCCA741F</string>
			<key>isa</key>
			<string>PBXBuildFile</string>
		</dict>
	</dict>
	<key>rootObject</key>
	<string>09F531191813959800CC9665</string>
</dict>
</plist>
